// !$*UTF8*$!
{
	archiveVersion = 1;
	classes = {
	};
	objectVersion = 46;
	objects = {

/* Begin PBXBuildFile section */
		A931001518CC4A57006BE18E /* Foundation.framework in Frameworks */ = {isa = PBXBuildFile; fileRef = A931001418CC4A57006BE18E /* Foundation.framework */; };
		A931001718CC4A57006BE18E /* CoreGraphics.framework in Frameworks */ = {isa = PBXBuildFile; fileRef = A931001618CC4A57006BE18E /* CoreGraphics.framework */; };
		A931001918CC4A57006BE18E /* UIKit.framework in Frameworks */ = {isa = PBXBuildFile; fileRef = A931001818CC4A57006BE18E /* UIKit.framework */; };
		A931001B18CC4A57006BE18E /* SpriteKit.framework in Frameworks */ = {isa = PBXBuildFile; fileRef = A931001A18CC4A57006BE18E /* SpriteKit.framework */; };
		A931002118CC4A58006BE18E /* InfoPlist.strings in Resources */ = {isa = PBXBuildFile; fileRef = A931001F18CC4A58006BE18E /* InfoPlist.strings */; };
		A931002318CC4A58006BE18E /* main.m in Sources */ = {isa = PBXBuildFile; fileRef = A931002218CC4A58006BE18E /* main.m */; };
		A931002718CC4A58006BE18E /* RoadRunnerAppDelegate.m in Sources */ = {isa = PBXBuildFile; fileRef = A931002618CC4A58006BE18E /* RoadRunnerAppDelegate.m */; };
		A931002A18CC4A58006BE18E /* Main_iPhone.storyboard in Resources */ = {isa = PBXBuildFile; fileRef = A931002818CC4A58006BE18E /* Main_iPhone.storyboard */; };
		A931002D18CC4A58006BE18E /* Main_iPad.storyboard in Resources */ = {isa = PBXBuildFile; fileRef = A931002B18CC4A58006BE18E /* Main_iPad.storyboard */; };
		A931003018CC4A58006BE18E /* RoadRunnerViewController.m in Sources */ = {isa = PBXBuildFile; fileRef = A931002F18CC4A58006BE18E /* RoadRunnerViewController.m */; };
		A931003318CC4A58006BE18E /* RoadRunnerMyScene.m in Sources */ = {isa = PBXBuildFile; fileRef = A931003218CC4A58006BE18E /* RoadRunnerMyScene.m */; };
		A931003518CC4A58006BE18E /* Spaceship.png in Resources */ = {isa = PBXBuildFile; fileRef = A931003418CC4A58006BE18E /* Spaceship.png */; };
		A931003718CC4A58006BE18E /* Images.xcassets in Resources */ = {isa = PBXBuildFile; fileRef = A931003618CC4A58006BE18E /* Images.xcassets */; };
		A931003E18CC4A58006BE18E /* XCTest.framework in Frameworks */ = {isa = PBXBuildFile; fileRef = A931003D18CC4A58006BE18E /* XCTest.framework */; };
		A931003F18CC4A58006BE18E /* Foundation.framework in Frameworks */ = {isa = PBXBuildFile; fileRef = A931001418CC4A57006BE18E /* Foundation.framework */; };
		A931004018CC4A58006BE18E /* UIKit.framework in Frameworks */ = {isa = PBXBuildFile; fileRef = A931001818CC4A57006BE18E /* UIKit.framework */; };
		A931004818CC4A58006BE18E /* InfoPlist.strings in Resources */ = {isa = PBXBuildFile; fileRef = A931004618CC4A58006BE18E /* InfoPlist.strings */; };
		A931004A18CC4A58006BE18E /* Road_RunnerTests.m in Sources */ = {isa = PBXBuildFile; fileRef = A931004918CC4A58006BE18E /* Road_RunnerTests.m */; };
		A931005518CC4EC4006BE18E /* RoadRunnerGameScene.m in Sources */ = {isa = PBXBuildFile; fileRef = A931005418CC4EC4006BE18E /* RoadRunnerGameScene.m */; };
		A988AC8A191FE20D00743EDE /* Background@2x~ipad.png in Resources */ = {isa = PBXBuildFile; fileRef = A988AC89191FE20D00743EDE /* Background@2x~ipad.png */; };
		A988AC8C1920321700743EDE /* Background@2x.png in Resources */ = {isa = PBXBuildFile; fileRef = A988AC8B1920321700743EDE /* Background@2x.png */; };
		A9D903CC190B5D27003A398A /* RoadRunnerCar.m in Sources */ = {isa = PBXBuildFile; fileRef = A9D903CB190B5D27003A398A /* RoadRunnerCar.m */; };
		A9D903CE190B777F003A398A /* carRed.tif in Resources */ = {isa = PBXBuildFile; fileRef = A9D903CD190B777E003A398A /* carRed.tif */; };
		A9DCEC7D18D6828C00D4F435 /* PBParallaxScrolling.m in Sources */ = {isa = PBXBuildFile; fileRef = A9DCEC7C18D6828C00D4F435 /* PBParallaxScrolling.m */; };
/* End PBXBuildFile section */

/* Begin PBXContainerItemProxy section */
		A931004118CC4A58006BE18E /* PBXContainerItemProxy */ = {
			isa = PBXContainerItemProxy;
			containerPortal = A931000918CC4A57006BE18E /* Project object */;
			proxyType = 1;
			remoteGlobalIDString = A931001018CC4A57006BE18E;
			remoteInfo = "Road Runner";
		};
/* End PBXContainerItemProxy section */

/* Begin PBXFileReference section */
		A931001118CC4A57006BE18E /* Road_Runner.app */ = {isa = PBXFileReference; explicitFileType = wrapper.application; includeInIndex = 0; path = Road_Runner.app; sourceTree = BUILT_PRODUCTS_DIR; };
		A931001418CC4A57006BE18E /* Foundation.framework */ = {isa = PBXFileReference; lastKnownFileType = wrapper.framework; name = Foundation.framework; path = System/Library/Frameworks/Foundation.framework; sourceTree = SDKROOT; };
		A931001618CC4A57006BE18E /* CoreGraphics.framework */ = {isa = PBXFileReference; lastKnownFileType = wrapper.framework; name = CoreGraphics.framework; path = System/Library/Frameworks/CoreGraphics.framework; sourceTree = SDKROOT; };
		A931001818CC4A57006BE18E /* UIKit.framework */ = {isa = PBXFileReference; lastKnownFileType = wrapper.framework; name = UIKit.framework; path = System/Library/Frameworks/UIKit.framework; sourceTree = SDKROOT; };
		A931001A18CC4A57006BE18E /* SpriteKit.framework */ = {isa = PBXFileReference; lastKnownFileType = wrapper.framework; name = SpriteKit.framework; path = System/Library/Frameworks/SpriteKit.framework; sourceTree = SDKROOT; };
		A931001E18CC4A58006BE18E /* Road_Runner-Info.plist */ = {isa = PBXFileReference; lastKnownFileType = text.plist.xml; path = "Road_Runner-Info.plist"; sourceTree = "<group>"; };
		A931002018CC4A58006BE18E /* en */ = {isa = PBXFileReference; lastKnownFileType = text.plist.strings; name = en; path = en.lproj/InfoPlist.strings; sourceTree = "<group>"; };
		A931002218CC4A58006BE18E /* main.m */ = {isa = PBXFileReference; lastKnownFileType = sourcecode.c.objc; path = main.m; sourceTree = "<group>"; };
		A931002418CC4A58006BE18E /* Road_Runner-Prefix.pch */ = {isa = PBXFileReference; lastKnownFileType = sourcecode.c.h; path = "Road_Runner-Prefix.pch"; sourceTree = "<group>"; };
		A931002518CC4A58006BE18E /* RoadRunnerAppDelegate.h */ = {isa = PBXFileReference; lastKnownFileType = sourcecode.c.h; path = RoadRunnerAppDelegate.h; sourceTree = "<group>"; };
		A931002618CC4A58006BE18E /* RoadRunnerAppDelegate.m */ = {isa = PBXFileReference; lastKnownFileType = sourcecode.c.objc; path = RoadRunnerAppDelegate.m; sourceTree = "<group>"; };
		A931002918CC4A58006BE18E /* Base */ = {isa = PBXFileReference; lastKnownFileType = file.storyboard; name = Base; path = Base.lproj/Main_iPhone.storyboard; sourceTree = "<group>"; };
		A931002C18CC4A58006BE18E /* Base */ = {isa = PBXFileReference; lastKnownFileType = file.storyboard; name = Base; path = Base.lproj/Main_iPad.storyboard; sourceTree = "<group>"; };
		A931002E18CC4A58006BE18E /* RoadRunnerViewController.h */ = {isa = PBXFileReference; lastKnownFileType = sourcecode.c.h; path = RoadRunnerViewController.h; sourceTree = "<group>"; };
		A931002F18CC4A58006BE18E /* RoadRunnerViewController.m */ = {isa = PBXFileReference; lastKnownFileType = sourcecode.c.objc; path = RoadRunnerViewController.m; sourceTree = "<group>"; };
		A931003118CC4A58006BE18E /* RoadRunnerMyScene.h */ = {isa = PBXFileReference; lastKnownFileType = sourcecode.c.h; path = RoadRunnerMyScene.h; sourceTree = "<group>"; };
		A931003218CC4A58006BE18E /* RoadRunnerMyScene.m */ = {isa = PBXFileReference; lastKnownFileType = sourcecode.c.objc; path = RoadRunnerMyScene.m; sourceTree = "<group>"; };
		A931003418CC4A58006BE18E /* Spaceship.png */ = {isa = PBXFileReference; lastKnownFileType = image.png; path = Spaceship.png; sourceTree = "<group>"; };
		A931003618CC4A58006BE18E /* Images.xcassets */ = {isa = PBXFileReference; lastKnownFileType = folder.assetcatalog; path = Images.xcassets; sourceTree = "<group>"; };
		A931003C18CC4A58006BE18E /* Road_RunnerTests.xctest */ = {isa = PBXFileReference; explicitFileType = wrapper.cfbundle; includeInIndex = 0; path = Road_RunnerTests.xctest; sourceTree = BUILT_PRODUCTS_DIR; };
		A931003D18CC4A58006BE18E /* XCTest.framework */ = {isa = PBXFileReference; lastKnownFileType = wrapper.framework; name = XCTest.framework; path = Library/Frameworks/XCTest.framework; sourceTree = DEVELOPER_DIR; };
		A931004518CC4A58006BE18E /* Road_RunnerTests-Info.plist */ = {isa = PBXFileReference; lastKnownFileType = text.plist.xml; path = "Road_RunnerTests-Info.plist"; sourceTree = "<group>"; };
		A931004718CC4A58006BE18E /* en */ = {isa = PBXFileReference; lastKnownFileType = text.plist.strings; name = en; path = en.lproj/InfoPlist.strings; sourceTree = "<group>"; };
		A931004918CC4A58006BE18E /* Road_RunnerTests.m */ = {isa = PBXFileReference; lastKnownFileType = sourcecode.c.objc; path = Road_RunnerTests.m; sourceTree = "<group>"; };
		A931005318CC4EC4006BE18E /* RoadRunnerGameScene.h */ = {isa = PBXFileReference; fileEncoding = 4; lastKnownFileType = sourcecode.c.h; path = RoadRunnerGameScene.h; sourceTree = "<group>"; };
		A931005418CC4EC4006BE18E /* RoadRunnerGameScene.m */ = {isa = PBXFileReference; fileEncoding = 4; lastKnownFileType = sourcecode.c.objc; path = RoadRunnerGameScene.m; sourceTree = "<group>"; };
		A988AC89191FE20D00743EDE /* Background@2x~ipad.png */ = {isa = PBXFileReference; lastKnownFileType = image.png; path = "Background@2x~ipad.png"; sourceTree = "<group>"; };
		A988AC8B1920321700743EDE /* Background@2x.png */ = {isa = PBXFileReference; lastKnownFileType = image.png; path = "Background@2x.png"; sourceTree = "<group>"; };
		A9D903CA190B5D27003A398A /* RoadRunnerCar.h */ = {isa = PBXFileReference; fileEncoding = 4; lastKnownFileType = sourcecode.c.h; path = RoadRunnerCar.h; sourceTree = "<group>"; };
		A9D903CB190B5D27003A398A /* RoadRunnerCar.m */ = {isa = PBXFileReference; fileEncoding = 4; lastKnownFileType = sourcecode.c.objc; path = RoadRunnerCar.m; sourceTree = "<group>"; };
		A9D903CD190B777E003A398A /* carRed.tif */ = {isa = PBXFileReference; lastKnownFileType = image.tiff; path = carRed.tif; sourceTree = "<group>"; };
		A9DCEC7B18D6828C00D4F435 /* PBParallaxScrolling.h */ = {isa = PBXFileReference; fileEncoding = 4; lastKnownFileType = sourcecode.c.h; path = PBParallaxScrolling.h; sourceTree = "<group>"; };
		A9DCEC7C18D6828C00D4F435 /* PBParallaxScrolling.m */ = {isa = PBXFileReference; fileEncoding = 4; lastKnownFileType = sourcecode.c.objc; path = PBParallaxScrolling.m; sourceTree = "<group>"; };
/* End PBXFileReference section */

/* Begin PBXFrameworksBuildPhase section */
		A931000E18CC4A57006BE18E /* Frameworks */ = {
			isa = PBXFrameworksBuildPhase;
			buildActionMask = 2147483647;
			files = (
				A931001718CC4A57006BE18E /* CoreGraphics.framework in Frameworks */,
				A931001918CC4A57006BE18E /* UIKit.framework in Frameworks */,
				A931001B18CC4A57006BE18E /* SpriteKit.framework in Frameworks */,
				A931001518CC4A57006BE18E /* Foundation.framework in Frameworks */,
			);
			runOnlyForDeploymentPostprocessing = 0;
		};
		A931003918CC4A58006BE18E /* Frameworks */ = {
			isa = PBXFrameworksBuildPhase;
			buildActionMask = 2147483647;
			files = (
				A931003E18CC4A58006BE18E /* XCTest.framework in Frameworks */,
				A931004018CC4A58006BE18E /* UIKit.framework in Frameworks */,
				A931003F18CC4A58006BE18E /* Foundation.framework in Frameworks */,
			);
			runOnlyForDeploymentPostprocessing = 0;
		};
/* End PBXFrameworksBuildPhase section */

/* Begin PBXGroup section */
		A931000818CC4A57006BE18E = {
			isa = PBXGroup;
			children = (
				A931001C18CC4A58006BE18E /* Road Runner */,
				A931004318CC4A58006BE18E /* Road RunnerTests */,
				A931001318CC4A57006BE18E /* Frameworks */,
				A931001218CC4A57006BE18E /* Products */,
			);
			sourceTree = "<group>";
		};
		A931001218CC4A57006BE18E /* Products */ = {
			isa = PBXGroup;
			children = (
				A931001118CC4A57006BE18E /* Road_Runner.app */,
				A931003C18CC4A58006BE18E /* Road_RunnerTests.xctest */,
			);
			name = Products;
			sourceTree = "<group>";
		};
		A931001318CC4A57006BE18E /* Frameworks */ = {
			isa = PBXGroup;
			children = (
				A931001418CC4A57006BE18E /* Foundation.framework */,
				A931001618CC4A57006BE18E /* CoreGraphics.framework */,
				A931001818CC4A57006BE18E /* UIKit.framework */,
				A931001A18CC4A57006BE18E /* SpriteKit.framework */,
				A931003D18CC4A58006BE18E /* XCTest.framework */,
			);
			name = Frameworks;
			sourceTree = "<group>";
		};
		A931001C18CC4A58006BE18E /* Road Runner */ = {
			isa = PBXGroup;
			children = (
				A931002518CC4A58006BE18E /* RoadRunnerAppDelegate.h */,
				A931002618CC4A58006BE18E /* RoadRunnerAppDelegate.m */,
				A931002818CC4A58006BE18E /* Main_iPhone.storyboard */,
				A931002B18CC4A58006BE18E /* Main_iPad.storyboard */,
				A931002E18CC4A58006BE18E /* RoadRunnerViewController.h */,
				A931002F18CC4A58006BE18E /* RoadRunnerViewController.m */,
				A931003118CC4A58006BE18E /* RoadRunnerMyScene.h */,
				A931003218CC4A58006BE18E /* RoadRunnerMyScene.m */,
				A931005318CC4EC4006BE18E /* RoadRunnerGameScene.h */,
				A931005418CC4EC4006BE18E /* RoadRunnerGameScene.m */,
				A9D903CA190B5D27003A398A /* RoadRunnerCar.h */,
				A9D903CB190B5D27003A398A /* RoadRunnerCar.m */,
				A9DCEC7B18D6828C00D4F435 /* PBParallaxScrolling.h */,
				A9DCEC7C18D6828C00D4F435 /* PBParallaxScrolling.m */,
				A988AC8B1920321700743EDE /* Background@2x.png */,
				A988AC89191FE20D00743EDE /* Background@2x~ipad.png */,
				A9D903CD190B777E003A398A /* carRed.tif */,
				A931003418CC4A58006BE18E /* Spaceship.png */,
				A931003618CC4A58006BE18E /* Images.xcassets */,
				A931001D18CC4A58006BE18E /* Supporting Files */,
			);
			path = "Road Runner";
			sourceTree = "<group>";
		};
		A931001D18CC4A58006BE18E /* Supporting Files */ = {
			isa = PBXGroup;
			children = (
				A931001E18CC4A58006BE18E /* Road_Runner-Info.plist */,
				A931001F18CC4A58006BE18E /* InfoPlist.strings */,
				A931002218CC4A58006BE18E /* main.m */,
				A931002418CC4A58006BE18E /* Road_Runner-Prefix.pch */,
			);
			name = "Supporting Files";
			sourceTree = "<group>";
		};
		A931004318CC4A58006BE18E /* Road RunnerTests */ = {
			isa = PBXGroup;
			children = (
				A931004918CC4A58006BE18E /* Road_RunnerTests.m */,
				A931004418CC4A58006BE18E /* Supporting Files */,
			);
			path = "Road RunnerTests";
			sourceTree = "<group>";
		};
		A931004418CC4A58006BE18E /* Supporting Files */ = {
			isa = PBXGroup;
			children = (
				A931004518CC4A58006BE18E /* Road_RunnerTests-Info.plist */,
				A931004618CC4A58006BE18E /* InfoPlist.strings */,
			);
			name = "Supporting Files";
			sourceTree = "<group>";
		};
/* End PBXGroup section */

/* Begin PBXNativeTarget section */
		A931001018CC4A57006BE18E /* Road_Runner */ = {
			isa = PBXNativeTarget;
			buildConfigurationList = A931004D18CC4A58006BE18E /* Build configuration list for PBXNativeTarget "Road_Runner" */;
			buildPhases = (
				A931000D18CC4A57006BE18E /* Sources */,
				A931000E18CC4A57006BE18E /* Frameworks */,
				A931000F18CC4A57006BE18E /* Resources */,
				A988AC8D192034FE00743EDE /* ShellScript */,
			);
			buildRules = (
			);
			dependencies = (
			);
			name = Road_Runner;
			productName = "Road Runner";
			productReference = A931001118CC4A57006BE18E /* Road_Runner.app */;
			productType = "com.apple.product-type.application";
		};
		A931003B18CC4A58006BE18E /* Road_RunnerTests */ = {
			isa = PBXNativeTarget;
			buildConfigurationList = A931005018CC4A58006BE18E /* Build configuration list for PBXNativeTarget "Road_RunnerTests" */;
			buildPhases = (
				A931003818CC4A58006BE18E /* Sources */,
				A931003918CC4A58006BE18E /* Frameworks */,
				A931003A18CC4A58006BE18E /* Resources */,
			);
			buildRules = (
			);
			dependencies = (
				A931004218CC4A58006BE18E /* PBXTargetDependency */,
			);
			name = Road_RunnerTests;
			productName = "Road RunnerTests";
			productReference = A931003C18CC4A58006BE18E /* Road_RunnerTests.xctest */;
			productType = "com.apple.product-type.bundle.unit-test";
		};
/* End PBXNativeTarget section */

/* Begin PBXProject section */
		A931000918CC4A57006BE18E /* Project object */ = {
			isa = PBXProject;
			attributes = {
				CLASSPREFIX = RoadRunner;
				LastUpgradeCheck = 0510;
				ORGANIZATIONNAME = "BlueStars Studios";
				TargetAttributes = {
					A931003B18CC4A58006BE18E = {
						TestTargetID = A931001018CC4A57006BE18E;
					};
				};
			};
			buildConfigurationList = A931000C18CC4A57006BE18E /* Build configuration list for PBXProject "Road_Runner" */;
			compatibilityVersion = "Xcode 3.2";
			developmentRegion = English;
			hasScannedForEncodings = 0;
			knownRegions = (
				en,
				Base,
			);
			mainGroup = A931000818CC4A57006BE18E;
			productRefGroup = A931001218CC4A57006BE18E /* Products */;
			projectDirPath = "";
			projectRoot = "";
			targets = (
				A931001018CC4A57006BE18E /* Road_Runner */,
				A931003B18CC4A58006BE18E /* Road_RunnerTests */,
			);
		};
/* End PBXProject section */

/* Begin PBXResourcesBuildPhase section */
		A931000F18CC4A57006BE18E /* Resources */ = {
			isa = PBXResourcesBuildPhase;
			buildActionMask = 2147483647;
			files = (
				A931003518CC4A58006BE18E /* Spaceship.png in Resources */,
				A931003718CC4A58006BE18E /* Images.xcassets in Resources */,
				A931002D18CC4A58006BE18E /* Main_iPad.storyboard in Resources */,
				A931002A18CC4A58006BE18E /* Main_iPhone.storyboard in Resources */,
				A931002118CC4A58006BE18E /* InfoPlist.strings in Resources */,
				A988AC8A191FE20D00743EDE /* Background@2x~ipad.png in Resources */,
				A988AC8C1920321700743EDE /* Background@2x.png in Resources */,
				A9D903CE190B777F003A398A /* carRed.tif in Resources */,
			);
			runOnlyForDeploymentPostprocessing = 0;
		};
		A931003A18CC4A58006BE18E /* Resources */ = {
			isa = PBXResourcesBuildPhase;
			buildActionMask = 2147483647;
			files = (
				A931004818CC4A58006BE18E /* InfoPlist.strings in Resources */,
			);
			runOnlyForDeploymentPostprocessing = 0;
		};
/* End PBXResourcesBuildPhase section */

/* Begin PBXShellScriptBuildPhase section */
		A988AC8D192034FE00743EDE /* ShellScript */ = {
			isa = PBXShellScriptBuildPhase;
			buildActionMask = 2147483647;
			files = (
			);
			inputPaths = (
			);
			outputPaths = (
			);
			runOnlyForDeploymentPostprocessing = 0;
			shellPath = /bin/sh;
			shellScript = "#!/bin/sh\n\n# Modify this to your device's IP address.\nIP=\"10.1.17.150\"\n\n# Verify that the build is for iOS Device and not a Simulator.\nif [ \"$NATIVE_ARCH\" != \"i386\" ]; then\n# Kill any running instances and remove the app folder.\nssh root@$IP \"killall ${TARGETNAME}; rm -rf /Applications/${WRAPPER_NAME}\"\n# Self sign the build.\nldid -S $BUILT_PRODUCTS_DIR/${WRAPPER_NAME}/$TARGETNAME\n# Copy it over.\nscp -r $BUILT_PRODUCTS_DIR/${WRAPPER_NAME} root@$IP:/Applications/\nssh root@$IP \"su -c uicache mobile; killall backboardd\"\n\n# This part just creates create an OS X notification to let you know that the process is done.\n# You can get terminal-notifier from https://github.com/alloy/terminal-notifier.\n# You can remove this line if you want.\nfi";
		};
/* End PBXShellScriptBuildPhase section */

/* Begin PBXSourcesBuildPhase section */
		A931000D18CC4A57006BE18E /* Sources */ = {
			isa = PBXSourcesBuildPhase;
			buildActionMask = 2147483647;
			files = (
				A9DCEC7D18D6828C00D4F435 /* PBParallaxScrolling.m in Sources */,
				A931002718CC4A58006BE18E /* RoadRunnerAppDelegate.m in Sources */,
				A931003018CC4A58006BE18E /* RoadRunnerViewController.m in Sources */,
				A931005518CC4EC4006BE18E /* RoadRunnerGameScene.m in Sources */,
				A9D903CC190B5D27003A398A /* RoadRunnerCar.m in Sources */,
				A931003318CC4A58006BE18E /* RoadRunnerMyScene.m in Sources */,
				A931002318CC4A58006BE18E /* main.m in Sources */,
			);
			runOnlyForDeploymentPostprocessing = 0;
		};
		A931003818CC4A58006BE18E /* Sources */ = {
			isa = PBXSourcesBuildPhase;
			buildActionMask = 2147483647;
			files = (
				A931004A18CC4A58006BE18E /* Road_RunnerTests.m in Sources */,
			);
			runOnlyForDeploymentPostprocessing = 0;
		};
/* End PBXSourcesBuildPhase section */

/* Begin PBXTargetDependency section */
		A931004218CC4A58006BE18E /* PBXTargetDependency */ = {
			isa = PBXTargetDependency;
			target = A931001018CC4A57006BE18E /* Road_Runner */;
			targetProxy = A931004118CC4A58006BE18E /* PBXContainerItemProxy */;
		};
/* End PBXTargetDependency section */

/* Begin PBXVariantGroup section */
		A931001F18CC4A58006BE18E /* InfoPlist.strings */ = {
			isa = PBXVariantGroup;
			children = (
				A931002018CC4A58006BE18E /* en */,
			);
			name = InfoPlist.strings;
			sourceTree = "<group>";
		};
		A931002818CC4A58006BE18E /* Main_iPhone.storyboard */ = {
			isa = PBXVariantGroup;
			children = (
				A931002918CC4A58006BE18E /* Base */,
			);
			name = Main_iPhone.storyboard;
			sourceTree = "<group>";
		};
		A931002B18CC4A58006BE18E /* Main_iPad.storyboard */ = {
			isa = PBXVariantGroup;
			children = (
				A931002C18CC4A58006BE18E /* Base */,
			);
			name = Main_iPad.storyboard;
			sourceTree = "<group>";
		};
		A931004618CC4A58006BE18E /* InfoPlist.strings */ = {
			isa = PBXVariantGroup;
			children = (
				A931004718CC4A58006BE18E /* en */,
			);
			name = InfoPlist.strings;
			sourceTree = "<group>";
		};
/* End PBXVariantGroup section */

/* Begin XCBuildConfiguration section */
		A931004B18CC4A58006BE18E /* Debug */ = {
			isa = XCBuildConfiguration;
			buildSettings = {
				ALWAYS_SEARCH_USER_PATHS = NO;
				CLANG_CXX_LANGUAGE_STANDARD = "gnu++0x";
				CLANG_CXX_LIBRARY = "libc++";
				CLANG_ENABLE_MODULES = YES;
				CLANG_ENABLE_OBJC_ARC = YES;
				CLANG_WARN_BOOL_CONVERSION = YES;
				CLANG_WARN_CONSTANT_CONVERSION = YES;
				CLANG_WARN_DIRECT_OBJC_ISA_USAGE = YES_ERROR;
				CLANG_WARN_EMPTY_BODY = YES;
				CLANG_WARN_ENUM_CONVERSION = YES;
				CLANG_WARN_INT_CONVERSION = YES;
				CLANG_WARN_OBJC_ROOT_CLASS = YES_ERROR;
				CLANG_WARN__DUPLICATE_METHOD_MATCH = YES;
				"CODE_SIGN_IDENTITY[sdk=iphoneos*]" = "";
				COPY_PHASE_STRIP = NO;
				GCC_C_LANGUAGE_STANDARD = gnu99;
				GCC_DYNAMIC_NO_PIC = NO;
				GCC_OPTIMIZATION_LEVEL = 0;
				GCC_PREPROCESSOR_DEFINITIONS = (
					"DEBUG=1",
					"$(inherited)",
				);
				GCC_SYMBOLS_PRIVATE_EXTERN = NO;
				GCC_WARN_64_TO_32_BIT_CONVERSION = YES;
				GCC_WARN_ABOUT_RETURN_TYPE = YES_ERROR;
				GCC_WARN_UNDECLARED_SELECTOR = YES;
				GCC_WARN_UNINITIALIZED_AUTOS = YES;
				GCC_WARN_UNUSED_FUNCTION = YES;
				GCC_WARN_UNUSED_VARIABLE = YES;
				IPHONEOS_DEPLOYMENT_TARGET = 7.0;
				ONLY_ACTIVE_ARCH = YES;
				SDKROOT = iphoneos;
				TARGETED_DEVICE_FAMILY = "1,2";
			};
			name = Debug;
		};
		A931004C18CC4A58006BE18E /* Release */ = {
			isa = XCBuildConfiguration;
			buildSettings = {
				ALWAYS_SEARCH_USER_PATHS = NO;
				CLANG_CXX_LANGUAGE_STANDARD = "gnu++0x";
				CLANG_CXX_LIBRARY = "libc++";
				CLANG_ENABLE_MODULES = YES;
				CLANG_ENABLE_OBJC_ARC = YES;
				CLANG_WARN_BOOL_CONVERSION = YES;
				CLANG_WARN_CONSTANT_CONVERSION = YES;
				CLANG_WARN_DIRECT_OBJC_ISA_USAGE = YES_ERROR;
				CLANG_WARN_EMPTY_BODY = YES;
				CLANG_WARN_ENUM_CONVERSION = YES;
				CLANG_WARN_INT_CONVERSION = YES;
				CLANG_WARN_OBJC_ROOT_CLASS = YES_ERROR;
				CLANG_WARN__DUPLICATE_METHOD_MATCH = YES;
				"CODE_SIGN_IDENTITY[sdk=iphoneos*]" = "";
				COPY_PHASE_STRIP = YES;
				ENABLE_NS_ASSERTIONS = NO;
				GCC_C_LANGUAGE_STANDARD = gnu99;
				GCC_WARN_64_TO_32_BIT_CONVERSION = YES;
				GCC_WARN_ABOUT_RETURN_TYPE = YES_ERROR;
				GCC_WARN_UNDECLARED_SELECTOR = YES;
				GCC_WARN_UNINITIALIZED_AUTOS = YES;
				GCC_WARN_UNUSED_FUNCTION = YES;
				GCC_WARN_UNUSED_VARIABLE = YES;
				IPHONEOS_DEPLOYMENT_TARGET = 7.0;
				SDKROOT = iphoneos;
				TARGETED_DEVICE_FAMILY = "1,2";
				VALIDATE_PRODUCT = YES;
			};
			name = Release;
		};
		A931004E18CC4A58006BE18E /* Debug */ = {
			isa = XCBuildConfiguration;
			buildSettings = {
				ASSETCATALOG_COMPILER_APPICON_NAME = AppIcon;
				ASSETCATALOG_COMPILER_LAUNCHIMAGE_NAME = LaunchImage;
				CODE_SIGN_IDENTITY = "";
				GCC_PRECOMPILE_PREFIX_HEADER = YES;
				GCC_PREFIX_HEADER = "Road Runner/Road_Runner-Prefix.pch";
				INFOPLIST_FILE = "Road Runner/Road_Runner-Info.plist";
				PRODUCT_NAME = Road_Runner;
				SPRITEKIT_TEXTURE_ATLAS_OUTPUT = YES;
				WRAPPER_EXTENSION = app;
			};
			name = Debug;
		};
		A931004F18CC4A58006BE18E /* Release */ = {
			isa = XCBuildConfiguration;
			buildSettings = {
				ASSETCATALOG_COMPILER_APPICON_NAME = AppIcon;
				ASSETCATALOG_COMPILER_LAUNCHIMAGE_NAME = LaunchImage;
				CODE_SIGN_IDENTITY = "";
				GCC_PRECOMPILE_PREFIX_HEADER = YES;
				GCC_PREFIX_HEADER = "Road Runner/Road_Runner-Prefix.pch";
				INFOPLIST_FILE = "Road Runner/Road_Runner-Info.plist";
				PRODUCT_NAME = Road_Runner;
				SPRITEKIT_TEXTURE_ATLAS_OUTPUT = YES;
				WRAPPER_EXTENSION = app;
			};
			name = Release;
		};
		A931005118CC4A58006BE18E /* Debug */ = {
			isa = XCBuildConfiguration;
			buildSettings = {
				BUNDLE_LOADER = "$(BUILT_PRODUCTS_DIR)/Road Runner.app/Road Runner";
				FRAMEWORK_SEARCH_PATHS = (
					"$(SDKROOT)/Developer/Library/Frameworks",
					"$(inherited)",
					"$(DEVELOPER_FRAMEWORKS_DIR)",
				);
				GCC_PRECOMPILE_PREFIX_HEADER = YES;
				GCC_PREFIX_HEADER = "Road Runner/Road Runner-Prefix.pch";
				GCC_PREPROCESSOR_DEFINITIONS = (
					"DEBUG=1",
					"$(inherited)",
				);
				INFOPLIST_FILE = "Road RunnerTests/Road_RunnerTests-Info.plist";
				PRODUCT_NAME = Road_RunnerTests;
				TEST_HOST = "$(BUNDLE_LOADER)";
				WRAPPER_EXTENSION = xctest;
			};
			name = Debug;
		};
		A931005218CC4A58006BE18E /* Release */ = {
			isa = XCBuildConfiguration;
			buildSettings = {
				BUNDLE_LOADER = "$(BUILT_PRODUCTS_DIR)/Road Runner.app/Road Runner";
				FRAMEWORK_SEARCH_PATHS = (
					"$(SDKROOT)/Developer/Library/Frameworks",
					"$(inherited)",
					"$(DEVELOPER_FRAMEWORKS_DIR)",
				);
				GCC_PRECOMPILE_PREFIX_HEADER = YES;
				GCC_PREFIX_HEADER = "Road Runner/Road Runner-Prefix.pch";
				INFOPLIST_FILE = "Road RunnerTests/Road_RunnerTests-Info.plist";
				PRODUCT_NAME = Road_RunnerTests;
				TEST_HOST = "$(BUNDLE_LOADER)";
				WRAPPER_EXTENSION = xctest;
			};
			name = Release;
		};
/* End XCBuildConfiguration section */

/* Begin XCConfigurationList section */
		A931000C18CC4A57006BE18E /* Build configuration list for PBXProject "Road_Runner" */ = {
			isa = XCConfigurationList;
			buildConfigurations = (
				A931004B18CC4A58006BE18E /* Debug */,
				A931004C18CC4A58006BE18E /* Release */,
			);
			defaultConfigurationIsVisible = 0;
			defaultConfigurationName = Release;
		};
		A931004D18CC4A58006BE18E /* Build configuration list for PBXNativeTarget "Road_Runner" */ = {
			isa = XCConfigurationList;
			buildConfigurations = (
				A931004E18CC4A58006BE18E /* Debug */,
				A931004F18CC4A58006BE18E /* Release */,
			);
			defaultConfigurationIsVisible = 0;
			defaultConfigurationName = Release;
		};
		A931005018CC4A58006BE18E /* Build configuration list for PBXNativeTarget "Road_RunnerTests" */ = {
			isa = XCConfigurationList;
			buildConfigurations = (
				A931005118CC4A58006BE18E /* Debug */,
				A931005218CC4A58006BE18E /* Release */,
			);
			defaultConfigurationIsVisible = 0;
			defaultConfigurationName = Release;
		};
/* End XCConfigurationList section */
	};
	rootObject = A931000918CC4A57006BE18E /* Project object */;
}
